
Microsoft Visual Studio Solution File, Format Version 12.00
# Visual Studio Version 17
VisualStudioVersion = 17.7.34024.191
MinimumVisualStudioVersion = 10.0.40219.1
Project("{9A19103F-16F7-4668-BE54-9A1E7A4F7556}") = "TestApplication", "TestApplication.csproj", "{7A534EA9-E005-4D42-B4D3-D9405EC7A7DF}"
EndProject
Project("{9A19103F-16F7-4668-BE54-9A1E7A4F7556}") = "CustomComponent", "..\CustomVisualComponent\CustomComponent.csproj", "{4673FE55-596A-4128-B81B-9726EB4BFCA5}"
EndProject
Global
	GlobalSection(SolutionConfigurationPlatforms) = preSolution
		Debug|Any CPU = Debug|Any CPU
		Release|Any CPU = Release|Any CPU
	EndGlobalSection
	GlobalSection(ProjectConfigurationPlatforms) = postSolution
		{7A534EA9-E005-4D42-B4D3-D9405EC7A7DF}.Debug|Any CPU.ActiveCfg = Debug|Any CPU
		{7A534EA9-E005-4D42-B4D3-D9405EC7A7DF}.Debug|Any CPU.Build.0 = Debug|Any CPU
		{7A534EA9-E005-4D42-B4D3-D9405EC7A7DF}.Release|Any CPU.ActiveCfg = Release|Any CPU
		{7A534EA9-E005-4D42-B4D3-D9405EC7A7DF}.Release|Any CPU.Build.0 = Release|Any CPU
		{4673FE55-596A-4128-B81B-9726EB4BFCA5}.Debug|Any CPU.ActiveCfg = Debug|Any CPU
		{4673FE55-596A-4128-B81B-9726EB4BFCA5}.Debug|Any CPU.Build.0 = Debug|Any CPU
		{4673FE55-596A-4128-B81B-9726EB4BFCA5}.Release|Any CPU.ActiveCfg = Release|Any CPU
		{4673FE55-596A-4128-B81B-9726EB4BFCA5}.Release|Any CPU.Build.0 = Release|Any CPU
	EndGlobalSection
	GlobalSection(SolutionProperties) = preSolution
		HideSolutionNode = FALSE
	EndGlobalSection
	GlobalSection(ExtensibilityGlobals) = postSolution
		SolutionGuid = {AAB7042C-E350-48FF-B9CD-EF9BA3FA0FB8}
	EndGlobalSection
EndGlobal
